
Microsoft Visual Studio Solution File, Format Version 12.00
# Visual Studio Version 16
VisualStudioVersion = 16.0.28407.52
MinimumVisualStudioVersion = 10.0.40219.1
Project("{FAE04EC0-301F-11D3-BF4B-00C04F79EFBC}") = "LMSDT2", "LMSDT2\LMSDT2.csproj", "{D4B285FC-830B-4BB3-A613-291ACD4F2D22}"
EndProject
Global
	GlobalSection(SolutionConfigurationPlatforms) = preSolution
		Debug|Any CPU = Debug|Any CPU
		Release|Any CPU = Release|Any CPU
	EndGlobalSection
	GlobalSection(ProjectConfigurationPlatforms) = postSolution
		{D4B285FC-830B-4BB3-A613-291ACD4F2D22}.Debug|Any CPU.ActiveCfg = Debug|Any CPU
		{D4B285FC-830B-4BB3-A613-291ACD4F2D22}.Debug|Any CPU.Build.0 = Debug|Any CPU
		{D4B285FC-830B-4BB3-A613-291ACD4F2D22}.Release|Any CPU.ActiveCfg = Release|Any CPU
		{D4B285FC-830B-4BB3-A613-291ACD4F2D22}.Release|Any CPU.Build.0 = Release|Any CPU
	EndGlobalSection
	GlobalSection(SolutionProperties) = preSolution
		HideSolutionNode = FALSE
	EndGlobalSection
	GlobalSection(ExtensibilityGlobals) = postSolution
		SolutionGuid = {A0333A89-8E54-4742-A6A7-801822BA56F4}
	EndGlobalSection
EndGlobal
